
Microsoft Visual Studio Solution File, Format Version 12.00
# Visual Studio Version 17
VisualStudioVersion = 17.14.36109.1
MinimumVisualStudioVersion = 10.0.40219.1
Project("{FAE04EC0-301F-11D3-BF4B-00C04F79EFBC}") = "Backend", "Backend.csproj", "{8755D06C-5ECC-4EDF-831E-0922FBD4D6BC}"
EndProject
Project("{FAE04EC0-301F-11D3-BF4B-00C04F79EFBC}") = "BLL", "..\BLL\BLL.csproj", "{7D93E88B-AB4D-4B5E-824C-D42E86D43FAE}"
EndProject
Project("{FAE04EC0-301F-11D3-BF4B-00C04F79EFBC}") = "DAL", "..\DAL\DAL.csproj", "{FB6848B7-C32B-40FE-B5D7-D115C165142A}"
EndProject
Global
	GlobalSection(SolutionConfigurationPlatforms) = preSolution
		Debug|Any CPU = Debug|Any CPU
		Release|Any CPU = Release|Any CPU
	EndGlobalSection
	GlobalSection(ProjectConfigurationPlatforms) = postSolution
		{8755D06C-5ECC-4EDF-831E-0922FBD4D6BC}.Debug|Any CPU.ActiveCfg = Debug|Any CPU
		{8755D06C-5ECC-4EDF-831E-0922FBD4D6BC}.Debug|Any CPU.Build.0 = Debug|Any CPU
		{8755D06C-5ECC-4EDF-831E-0922FBD4D6BC}.Release|Any CPU.ActiveCfg = Release|Any CPU
		{8755D06C-5ECC-4EDF-831E-0922FBD4D6BC}.Release|Any CPU.Build.0 = Release|Any CPU
		{7D93E88B-AB4D-4B5E-824C-D42E86D43FAE}.Debug|Any CPU.ActiveCfg = Debug|Any CPU
		{7D93E88B-AB4D-4B5E-824C-D42E86D43FAE}.Debug|Any CPU.Build.0 = Debug|Any CPU
		{7D93E88B-AB4D-4B5E-824C-D42E86D43FAE}.Release|Any CPU.ActiveCfg = Release|Any CPU
		{7D93E88B-AB4D-4B5E-824C-D42E86D43FAE}.Release|Any CPU.Build.0 = Release|Any CPU
		{FB6848B7-C32B-40FE-B5D7-D115C165142A}.Debug|Any CPU.ActiveCfg = Debug|Any CPU
		{FB6848B7-C32B-40FE-B5D7-D115C165142A}.Debug|Any CPU.Build.0 = Debug|Any CPU
		{FB6848B7-C32B-40FE-B5D7-D115C165142A}.Release|Any CPU.ActiveCfg = Release|Any CPU
		{FB6848B7-C32B-40FE-B5D7-D115C165142A}.Release|Any CPU.Build.0 = Release|Any CPU
	EndGlobalSection
	GlobalSection(SolutionProperties) = preSolution
		HideSolutionNode = FALSE
	EndGlobalSection
	GlobalSection(ExtensibilityGlobals) = postSolution
		SolutionGuid = {354FFEB9-CF10-4DE1-868A-48E0EE9EB8CB}
	EndGlobalSection
EndGlobal
